
Microsoft Visual Studio Solution File, Format Version 12.00
# Visual Studio Version 17
VisualStudioVersion = 17.14.36109.1 d17.14
MinimumVisualStudioVersion = 10.0.40219.1
Project("{FAE04EC0-301F-11D3-BF4B-00C04F79EFBC}") = "Form-Management.Api", "Form-Management.Api\Form-Management.Api.csproj", "{476F6D5C-0776-40CB-80EB-461E01AF0628}"
EndProject
Global
	GlobalSection(SolutionConfigurationPlatforms) = preSolution
		Debug|Any CPU = Debug|Any CPU
		Release|Any CPU = Release|Any CPU
	EndGlobalSection
	GlobalSection(ProjectConfigurationPlatforms) = postSolution
		{476F6D5C-0776-40CB-80EB-461E01AF0628}.Debug|Any CPU.ActiveCfg = Debug|Any CPU
		{476F6D5C-0776-40CB-80EB-461E01AF0628}.Debug|Any CPU.Build.0 = Debug|Any CPU
		{476F6D5C-0776-40CB-80EB-461E01AF0628}.Release|Any CPU.ActiveCfg = Release|Any CPU
		{476F6D5C-0776-40CB-80EB-461E01AF0628}.Release|Any CPU.Build.0 = Release|Any CPU
	EndGlobalSection
	GlobalSection(SolutionProperties) = preSolution
		HideSolutionNode = FALSE
	EndGlobalSection
	GlobalSection(ExtensibilityGlobals) = postSolution
		SolutionGuid = {9B83DA72-E2A8-4A72-A183-BB6038667424}
	EndGlobalSection
EndGlobal
